# This file is autogenerated, do not edit; changes may be undone by the next 'dep ensure'.


[[projects]]
  branch = "master"
  name = "github.com/joaosoft/errors"
  packages = ["."]
  revision = "595507b0a4a675ff2b92ad6f8884f74a36a07df2"

[[projects]]
  branch = "master"
  name = "github.com/joaosoft/logger"
  packages = ["."]
  revision = "183bd5151e65d920b053ec1d7c3149a69dceefaf"

[[projects]]
  name = "github.com/joaosoft/sample-test-three"
  packages = ["."]
  revision = "74a4e8703e86ab594cab71947d9b405281711d84"
  version = "1.0.1"

[[projects]]
  branch = "master"
  name = "github.com/joaosoft/writers"
  packages = ["."]
  revision = "e7f81b49284c35354b23b3ce8fe113dd9552a0b7"

[[projects]]
  name = "github.com/satori/go.uuid"
  packages = ["."]
  revision = "f58768cc1a7a7e77a3bd49e98cdd21419399b6a3"
  version = "v1.2.0"

[solve-meta]
  analyzer-name = "dep"
  analyzer-version = 1
  inputs-digest = "636a663a2dadc162007189361c359064ed6bcb1f9d472008ecd9097817599825"
  solver-name = "gps-cdcl"
  solver-version = 1
